// !$*UTF8*$!
{
	archiveVersion = 1;
	classes = {
	};
	objectVersion = 46;
	objects = {

/* Begin PBXBuildFile section */
		41295E9B1BF5224500374E3F /* main.m in Sources */ = {isa = PBXBuildFile; fileRef = 41295E9A1BF5224500374E3F /* main.m */; };
		41295E9E1BF5224500374E3F /* AppDelegate.m in Sources */ = {isa = PBXBuildFile; fileRef = 41295E9D1BF5224500374E3F /* AppDelegate.m */; };
		41295EA41BF5224500374E3F /* Main.storyboard in Resources */ = {isa = PBXBuildFile; fileRef = 41295EA21BF5224500374E3F /* Main.storyboard */; };
		41295EA71BF5224500374E3F /* JPPBabylonHealthTest.xcdatamodeld in Sources */ = {isa = PBXBuildFile; fileRef = 41295EA51BF5224500374E3F /* JPPBabylonHealthTest.xcdatamodeld */; };
		41295EA91BF5224500374E3F /* Assets.xcassets in Resources */ = {isa = PBXBuildFile; fileRef = 41295EA81BF5224500374E3F /* Assets.xcassets */; };
		41295EAC1BF5224500374E3F /* LaunchScreen.storyboard in Resources */ = {isa = PBXBuildFile; fileRef = 41295EAA1BF5224500374E3F /* LaunchScreen.storyboard */; };
		41295EB71BF5224500374E3F /* JPPBabylonHealthTestTests.m in Sources */ = {isa = PBXBuildFile; fileRef = 41295EB61BF5224500374E3F /* JPPBabylonHealthTestTests.m */; };
		41295EC61BF523FD00374E3F /* BHUsersListViewController.m in Sources */ = {isa = PBXBuildFile; fileRef = 41295EC51BF523FD00374E3F /* BHUsersListViewController.m */; settings = {ASSET_TAGS = (); }; };
		41295ECA1BF5243600374E3F /* BHTableViewCell.m in Sources */ = {isa = PBXBuildFile; fileRef = 41295EC91BF5243600374E3F /* BHTableViewCell.m */; settings = {ASSET_TAGS = (); }; };
		41295ED01BF525A500374E3F /* BHUserTableViewCell.m in Sources */ = {isa = PBXBuildFile; fileRef = 41295ECF1BF525A500374E3F /* BHUserTableViewCell.m */; settings = {ASSET_TAGS = (); }; };
		41295ED61BF5267900374E3F /* BHTableViewDataSource.m in Sources */ = {isa = PBXBuildFile; fileRef = 41295ED51BF5267900374E3F /* BHTableViewDataSource.m */; settings = {ASSET_TAGS = (); }; };
		41295EDF1BF52A6300374E3F /* User.m in Sources */ = {isa = PBXBuildFile; fileRef = 41295EDD1BF52A6300374E3F /* User.m */; settings = {ASSET_TAGS = (); }; };
		41295EE51BF52C3D00374E3F /* User+Additions.m in Sources */ = {isa = PBXBuildFile; fileRef = 41295EE41BF52C3D00374E3F /* User+Additions.m */; settings = {ASSET_TAGS = (); }; };
		41295EE91BF52CE900374E3F /* BHCoreDataManager.m in Sources */ = {isa = PBXBuildFile; fileRef = 41295EE81BF52CE900374E3F /* BHCoreDataManager.m */; settings = {ASSET_TAGS = (); }; };
		41295EF51BF5326100374E3F /* NSManagedObjectContext+Additions.m in Sources */ = {isa = PBXBuildFile; fileRef = 41295EF41BF5326100374E3F /* NSManagedObjectContext+Additions.m */; settings = {ASSET_TAGS = (); }; };
		41295EF81BF534D800374E3F /* User+Actions.m in Sources */ = {isa = PBXBuildFile; fileRef = 41295EF71BF534D800374E3F /* User+Actions.m */; settings = {ASSET_TAGS = (); }; };
		41295EFC1BF5354500374E3F /* BHUserGateway.m in Sources */ = {isa = PBXBuildFile; fileRef = 41295EFB1BF5354500374E3F /* BHUserGateway.m */; settings = {ASSET_TAGS = (); }; };
		41295F001BF53C3C00374E3F /* BHRequestManager.m in Sources */ = {isa = PBXBuildFile; fileRef = 41295EFF1BF53C3C00374E3F /* BHRequestManager.m */; settings = {ASSET_TAGS = (); }; };
		41295F071BF53FC400374E3F /* BHManagedObject.m in Sources */ = {isa = PBXBuildFile; fileRef = 41295F051BF53FC400374E3F /* BHManagedObject.m */; settings = {ASSET_TAGS = (); }; };
		41295F0A1BF5407700374E3F /* NSManagedObject+Additions.m in Sources */ = {isa = PBXBuildFile; fileRef = 41295F091BF5407700374E3F /* NSManagedObject+Additions.m */; settings = {ASSET_TAGS = (); }; };
		41295F0D1BF5419400374E3F /* User+Parsing.m in Sources */ = {isa = PBXBuildFile; fileRef = 41295F0C1BF5419400374E3F /* User+Parsing.m */; settings = {ASSET_TAGS = (); }; };
		AF1450596E3E0C532B161FEC /* libPods.a in Frameworks */ = {isa = PBXBuildFile; fileRef = 510E50BEE650C828C53F1EAF /* libPods.a */; };
		C561135C4BECE738BF6E4987 /* libPods.a in Frameworks */ = {isa = PBXBuildFile; fileRef = 510E50BEE650C828C53F1EAF /* libPods.a */; };
		CD901DFC4DC6E88D8F16384D /* libPods-JPPBabylonHealthTestTests.a in Frameworks */ = {isa = PBXBuildFile; fileRef = 9D8F8BEE21BAE2E3D35FAC4F /* libPods-JPPBabylonHealthTestTests.a */; };
/* End PBXBuildFile section */

/* Begin PBXContainerItemProxy section */
		41295EB31BF5224500374E3F /* PBXContainerItemProxy */ = {
			isa = PBXContainerItemProxy;
			containerPortal = 41295E8E1BF5224500374E3F /* Project object */;
			proxyType = 1;
			remoteGlobalIDString = 41295E951BF5224500374E3F;
			remoteInfo = JPPBabylonHealthTest;
		};
/* End PBXContainerItemProxy section */

/* Begin PBXFileReference section */
		40B933DFC55877146BEB5029 /* Pods.debug.xcconfig */ = {isa = PBXFileReference; includeInIndex = 1; lastKnownFileType = text.xcconfig; name = Pods.debug.xcconfig; path = "Pods/Target Support Files/Pods/Pods.debug.xcconfig"; sourceTree = "<group>"; };
		41295E961BF5224500374E3F /* JPPBabylonHealthTest.app */ = {isa = PBXFileReference; explicitFileType = wrapper.application; includeInIndex = 0; path = JPPBabylonHealthTest.app; sourceTree = BUILT_PRODUCTS_DIR; };
		41295E9A1BF5224500374E3F /* main.m */ = {isa = PBXFileReference; lastKnownFileType = sourcecode.c.objc; path = main.m; sourceTree = "<group>"; };
		41295E9C1BF5224500374E3F /* AppDelegate.h */ = {isa = PBXFileReference; lastKnownFileType = sourcecode.c.h; path = AppDelegate.h; sourceTree = "<group>"; };
		41295E9D1BF5224500374E3F /* AppDelegate.m */ = {isa = PBXFileReference; lastKnownFileType = sourcecode.c.objc; path = AppDelegate.m; sourceTree = "<group>"; };
		41295EA31BF5224500374E3F /* Base */ = {isa = PBXFileReference; lastKnownFileType = file.storyboard; name = Base; path = Base.lproj/Main.storyboard; sourceTree = "<group>"; };
		41295EA61BF5224500374E3F /* JPPBabylonHealthTest.xcdatamodel */ = {isa = PBXFileReference; lastKnownFileType = wrapper.xcdatamodel; path = JPPBabylonHealthTest.xcdatamodel; sourceTree = "<group>"; };
		41295EA81BF5224500374E3F /* Assets.xcassets */ = {isa = PBXFileReference; lastKnownFileType = folder.assetcatalog; path = Assets.xcassets; sourceTree = "<group>"; };
		41295EAB1BF5224500374E3F /* Base */ = {isa = PBXFileReference; lastKnownFileType = file.storyboard; name = Base; path = Base.lproj/LaunchScreen.storyboard; sourceTree = "<group>"; };
		41295EAD1BF5224500374E3F /* Info.plist */ = {isa = PBXFileReference; lastKnownFileType = text.plist.xml; path = Info.plist; sourceTree = "<group>"; };
		41295EB21BF5224500374E3F /* JPPBabylonHealthTestTests.xctest */ = {isa = PBXFileReference; explicitFileType = wrapper.cfbundle; includeInIndex = 0; path = JPPBabylonHealthTestTests.xctest; sourceTree = BUILT_PRODUCTS_DIR; };
		41295EB61BF5224500374E3F /* JPPBabylonHealthTestTests.m */ = {isa = PBXFileReference; lastKnownFileType = sourcecode.c.objc; path = JPPBabylonHealthTestTests.m; sourceTree = "<group>"; };
		41295EB81BF5224500374E3F /* Info.plist */ = {isa = PBXFileReference; lastKnownFileType = text.plist.xml; path = Info.plist; sourceTree = "<group>"; };
		41295EC41BF523FD00374E3F /* BHUsersListViewController.h */ = {isa = PBXFileReference; fileEncoding = 4; lastKnownFileType = sourcecode.c.h; path = BHUsersListViewController.h; sourceTree = "<group>"; };
		41295EC51BF523FD00374E3F /* BHUsersListViewController.m */ = {isa = PBXFileReference; fileEncoding = 4; lastKnownFileType = sourcecode.c.objc; path = BHUsersListViewController.m; sourceTree = "<group>"; };
		41295EC81BF5243600374E3F /* BHTableViewCell.h */ = {isa = PBXFileReference; fileEncoding = 4; lastKnownFileType = sourcecode.c.h; path = BHTableViewCell.h; sourceTree = "<group>"; };
		41295EC91BF5243600374E3F /* BHTableViewCell.m */ = {isa = PBXFileReference; fileEncoding = 4; lastKnownFileType = sourcecode.c.objc; path = BHTableViewCell.m; sourceTree = "<group>"; };
		41295ECD1BF5254500374E3F /* BHTableViewCellDataSourceProtocol.h */ = {isa = PBXFileReference; fileEncoding = 4; lastKnownFileType = sourcecode.c.h; path = BHTableViewCellDataSourceProtocol.h; sourceTree = "<group>"; };
		41295ECE1BF525A500374E3F /* BHUserTableViewCell.h */ = {isa = PBXFileReference; fileEncoding = 4; lastKnownFileType = sourcecode.c.h; path = BHUserTableViewCell.h; sourceTree = "<group>"; };
		41295ECF1BF525A500374E3F /* BHUserTableViewCell.m */ = {isa = PBXFileReference; fileEncoding = 4; lastKnownFileType = sourcecode.c.objc; path = BHUserTableViewCell.m; sourceTree = "<group>"; };
		41295ED41BF5267900374E3F /* BHTableViewDataSource.h */ = {isa = PBXFileReference; fileEncoding = 4; lastKnownFileType = sourcecode.c.h; path = BHTableViewDataSource.h; sourceTree = "<group>"; };
		41295ED51BF5267900374E3F /* BHTableViewDataSource.m */ = {isa = PBXFileReference; fileEncoding = 4; lastKnownFileType = sourcecode.c.objc; path = BHTableViewDataSource.m; sourceTree = "<group>"; };
		41295EDC1BF52A6300374E3F /* User.h */ = {isa = PBXFileReference; fileEncoding = 4; lastKnownFileType = sourcecode.c.h; path = User.h; sourceTree = "<group>"; };
		41295EDD1BF52A6300374E3F /* User.m */ = {isa = PBXFileReference; fileEncoding = 4; lastKnownFileType = sourcecode.c.objc; path = User.m; sourceTree = "<group>"; };
		41295EE31BF52C3D00374E3F /* User+Additions.h */ = {isa = PBXFileReference; fileEncoding = 4; lastKnownFileType = sourcecode.c.h; path = "User+Additions.h"; sourceTree = "<group>"; };
		41295EE41BF52C3D00374E3F /* User+Additions.m */ = {isa = PBXFileReference; fileEncoding = 4; lastKnownFileType = sourcecode.c.objc; path = "User+Additions.m"; sourceTree = "<group>"; };
		41295EE71BF52CE900374E3F /* BHCoreDataManager.h */ = {isa = PBXFileReference; fileEncoding = 4; lastKnownFileType = sourcecode.c.h; path = BHCoreDataManager.h; sourceTree = "<group>"; };
		41295EE81BF52CE900374E3F /* BHCoreDataManager.m */ = {isa = PBXFileReference; fileEncoding = 4; lastKnownFileType = sourcecode.c.objc; path = BHCoreDataManager.m; sourceTree = "<group>"; };
		41295EF11BF5318700374E3F /* JPPBabylonHealthTest-Prefix.pch */ = {isa = PBXFileReference; lastKnownFileType = sourcecode.c.h; path = "JPPBabylonHealthTest-Prefix.pch"; sourceTree = "<group>"; };
		41295EF21BF531EA00374E3F /* Defines.h */ = {isa = PBXFileReference; lastKnownFileType = sourcecode.c.h; path = Defines.h; sourceTree = "<group>"; };
		41295EF31BF5326100374E3F /* NSManagedObjectContext+Additions.h */ = {isa = PBXFileReference; fileEncoding = 4; lastKnownFileType = sourcecode.c.h; path = "NSManagedObjectContext+Additions.h"; sourceTree = "<group>"; };
		41295EF41BF5326100374E3F /* NSManagedObjectContext+Additions.m */ = {isa = PBXFileReference; fileEncoding = 4; lastKnownFileType = sourcecode.c.objc; path = "NSManagedObjectContext+Additions.m"; sourceTree = "<group>"; };
		41295EF61BF534D800374E3F /* User+Actions.h */ = {isa = PBXFileReference; fileEncoding = 4; lastKnownFileType = sourcecode.c.h; path = "User+Actions.h"; sourceTree = "<group>"; };
		41295EF71BF534D800374E3F /* User+Actions.m */ = {isa = PBXFileReference; fileEncoding = 4; lastKnownFileType = sourcecode.c.objc; path = "User+Actions.m"; sourceTree = "<group>"; };
		41295EFA1BF5354500374E3F /* BHUserGateway.h */ = {isa = PBXFileReference; fileEncoding = 4; lastKnownFileType = sourcecode.c.h; path = BHUserGateway.h; sourceTree = "<group>"; };
		41295EFB1BF5354500374E3F /* BHUserGateway.m */ = {isa = PBXFileReference; fileEncoding = 4; lastKnownFileType = sourcecode.c.objc; path = BHUserGateway.m; sourceTree = "<group>"; };
		41295EFE1BF53C3C00374E3F /* BHRequestManager.h */ = {isa = PBXFileReference; fileEncoding = 4; lastKnownFileType = sourcecode.c.h; path = BHRequestManager.h; sourceTree = "<group>"; };
		41295EFF1BF53C3C00374E3F /* BHRequestManager.m */ = {isa = PBXFileReference; fileEncoding = 4; lastKnownFileType = sourcecode.c.objc; path = BHRequestManager.m; sourceTree = "<group>"; };
		41295F041BF53FC400374E3F /* BHManagedObject.h */ = {isa = PBXFileReference; fileEncoding = 4; lastKnownFileType = sourcecode.c.h; path = BHManagedObject.h; sourceTree = "<group>"; };
		41295F051BF53FC400374E3F /* BHManagedObject.m */ = {isa = PBXFileReference; fileEncoding = 4; lastKnownFileType = sourcecode.c.objc; path = BHManagedObject.m; sourceTree = "<group>"; };
		41295F081BF5407700374E3F /* NSManagedObject+Additions.h */ = {isa = PBXFileReference; fileEncoding = 4; lastKnownFileType = sourcecode.c.h; path = "NSManagedObject+Additions.h"; sourceTree = "<group>"; };
		41295F091BF5407700374E3F /* NSManagedObject+Additions.m */ = {isa = PBXFileReference; fileEncoding = 4; lastKnownFileType = sourcecode.c.objc; path = "NSManagedObject+Additions.m"; sourceTree = "<group>"; };
		41295F0B1BF5419400374E3F /* User+Parsing.h */ = {isa = PBXFileReference; fileEncoding = 4; lastKnownFileType = sourcecode.c.h; path = "User+Parsing.h"; sourceTree = "<group>"; };
		41295F0C1BF5419400374E3F /* User+Parsing.m */ = {isa = PBXFileReference; fileEncoding = 4; lastKnownFileType = sourcecode.c.objc; path = "User+Parsing.m"; sourceTree = "<group>"; };
		510E50BEE650C828C53F1EAF /* libPods.a */ = {isa = PBXFileReference; explicitFileType = archive.ar; includeInIndex = 0; path = libPods.a; sourceTree = BUILT_PRODUCTS_DIR; };
		96735B57E7710DB3BAE810A3 /* Pods.release.xcconfig */ = {isa = PBXFileReference; includeInIndex = 1; lastKnownFileType = text.xcconfig; name = Pods.release.xcconfig; path = "Pods/Target Support Files/Pods/Pods.release.xcconfig"; sourceTree = "<group>"; };
		9D8F8BEE21BAE2E3D35FAC4F /* libPods-JPPBabylonHealthTestTests.a */ = {isa = PBXFileReference; explicitFileType = archive.ar; includeInIndex = 0; path = "libPods-JPPBabylonHealthTestTests.a"; sourceTree = BUILT_PRODUCTS_DIR; };
		D745B0C9BBF27A4E809CE3D9 /* Pods-JPPBabylonHealthTestTests.release.xcconfig */ = {isa = PBXFileReference; includeInIndex = 1; lastKnownFileType = text.xcconfig; name = "Pods-JPPBabylonHealthTestTests.release.xcconfig"; path = "Pods/Target Support Files/Pods-JPPBabylonHealthTestTests/Pods-JPPBabylonHealthTestTests.release.xcconfig"; sourceTree = "<group>"; };
		DFFBF7A82D1B2F59367B311F /* Pods-JPPBabylonHealthTestTests.debug.xcconfig */ = {isa = PBXFileReference; includeInIndex = 1; lastKnownFileType = text.xcconfig; name = "Pods-JPPBabylonHealthTestTests.debug.xcconfig"; path = "Pods/Target Support Files/Pods-JPPBabylonHealthTestTests/Pods-JPPBabylonHealthTestTests.debug.xcconfig"; sourceTree = "<group>"; };
/* End PBXFileReference section */

/* Begin PBXFrameworksBuildPhase section */
		41295E931BF5224500374E3F /* Frameworks */ = {
			isa = PBXFrameworksBuildPhase;
			buildActionMask = 2147483647;
			files = (
				C561135C4BECE738BF6E4987 /* libPods.a in Frameworks */,
			);
			runOnlyForDeploymentPostprocessing = 0;
		};
		41295EAF1BF5224500374E3F /* Frameworks */ = {
			isa = PBXFrameworksBuildPhase;
			buildActionMask = 2147483647;
			files = (
				CD901DFC4DC6E88D8F16384D /* libPods-JPPBabylonHealthTestTests.a in Frameworks */,
				AF1450596E3E0C532B161FEC /* libPods.a in Frameworks */,
			);
			runOnlyForDeploymentPostprocessing = 0;
		};
/* End PBXFrameworksBuildPhase section */

/* Begin PBXGroup section */
		41295E8D1BF5224500374E3F = {
			isa = PBXGroup;
			children = (
				41295E981BF5224500374E3F /* JPPBabylonHealthTest */,
				41295EB51BF5224500374E3F /* JPPBabylonHealthTestTests */,
				41295E971BF5224500374E3F /* Products */,
				7768BEDF5E9A9CE162D4C142 /* Pods */,
				D62ACCD91771A68E96165E46 /* Frameworks */,
			);
			sourceTree = "<group>";
		};
		41295E971BF5224500374E3F /* Products */ = {
			isa = PBXGroup;
			children = (
				41295E961BF5224500374E3F /* JPPBabylonHealthTest.app */,
				41295EB21BF5224500374E3F /* JPPBabylonHealthTestTests.xctest */,
			);
			name = Products;
			sourceTree = "<group>";
		};
		41295E981BF5224500374E3F /* JPPBabylonHealthTest */ = {
			isa = PBXGroup;
			children = (
				41295E9C1BF5224500374E3F /* AppDelegate.h */,
				41295E9D1BF5224500374E3F /* AppDelegate.m */,
				41295EC21BF522D700374E3F /* Core Data */,
				41295EE11BF52C1400374E3F /* Categories */,
				41295EF91BF5353000374E3F /* Model */,
				41295EC71BF5240E00374E3F /* Views */,
				41295F0E1BF549C200374E3F /* Controllers */,
				41295EC11BF522C000374E3F /* Main Journey */,
				41295EC31BF522DF00374E3F /* Resources */,
				41295E991BF5224500374E3F /* Supporting Files */,
				41295EF21BF531EA00374E3F /* Defines.h */,
			);
			path = JPPBabylonHealthTest;
			sourceTree = "<group>";
		};
		41295E991BF5224500374E3F /* Supporting Files */ = {
			isa = PBXGroup;
			children = (
				41295EAA1BF5224500374E3F /* LaunchScreen.storyboard */,
				41295EAD1BF5224500374E3F /* Info.plist */,
				41295E9A1BF5224500374E3F /* main.m */,
				41295EF11BF5318700374E3F /* JPPBabylonHealthTest-Prefix.pch */,
			);
			name = "Supporting Files";
			sourceTree = "<group>";
		};
		41295EB51BF5224500374E3F /* JPPBabylonHealthTestTests */ = {
			isa = PBXGroup;
			children = (
				41295EB61BF5224500374E3F /* JPPBabylonHealthTestTests.m */,
				41295EB81BF5224500374E3F /* Info.plist */,
			);
			path = JPPBabylonHealthTestTests;
			sourceTree = "<group>";
		};
		41295EC11BF522C000374E3F /* Main Journey */ = {
			isa = PBXGroup;
			children = (
				41295EA21BF5224500374E3F /* Main.storyboard */,
				41295EC41BF523FD00374E3F /* BHUsersListViewController.h */,
				41295EC51BF523FD00374E3F /* BHUsersListViewController.m */,
			);
			name = "Main Journey";
			sourceTree = "<group>";
		};
		41295EC21BF522D700374E3F /* Core Data */ = {
			isa = PBXGroup;
			children = (
				41295EE71BF52CE900374E3F /* BHCoreDataManager.h */,
				41295EE81BF52CE900374E3F /* BHCoreDataManager.m */,
				41295EEA1BF52D8000374E3F /* Categories */,
				41295ED81BF5298300374E3F /* Model */,
			);
			name = "Core Data";
			sourceTree = "<group>";
		};
		41295EC31BF522DF00374E3F /* Resources */ = {
			isa = PBXGroup;
			children = (
				41295EA81BF5224500374E3F /* Assets.xcassets */,
			);
			name = Resources;
			sourceTree = "<group>";
		};
		41295EC71BF5240E00374E3F /* Views */ = {
			isa = PBXGroup;
			children = (
				41295EC81BF5243600374E3F /* BHTableViewCell.h */,
				41295EC91BF5243600374E3F /* BHTableViewCell.m */,
				41295ED11BF525AA00374E3F /* UserTableViewCell */,
			);
			name = Views;
			sourceTree = "<group>";
		};
		41295ECC1BF524A700374E3F /* DataSources */ = {
			isa = PBXGroup;
			children = (
				41295ED71BF5268300374E3F /* Protocol */,
				41295ED41BF5267900374E3F /* BHTableViewDataSource.h */,
				41295ED51BF5267900374E3F /* BHTableViewDataSource.m */,
			);
			name = DataSources;
			sourceTree = "<group>";
		};
		41295ED11BF525AA00374E3F /* UserTableViewCell */ = {
			isa = PBXGroup;
			children = (
				41295ECE1BF525A500374E3F /* BHUserTableViewCell.h */,
				41295ECF1BF525A500374E3F /* BHUserTableViewCell.m */,
			);
			name = UserTableViewCell;
			sourceTree = "<group>";
		};
		41295ED71BF5268300374E3F /* Protocol */ = {
			isa = PBXGroup;
			children = (
				41295ECD1BF5254500374E3F /* BHTableViewCellDataSourceProtocol.h */,
			);
			name = Protocol;
			sourceTree = "<group>";
		};
		41295ED81BF5298300374E3F /* Model */ = {
			isa = PBXGroup;
			children = (
				41295EE01BF52AA800374E3F /* Parsing */,
				41295ED91BF5299700374E3F /* AutoGenerated */,
				41295EA51BF5224500374E3F /* JPPBabylonHealthTest.xcdatamodeld */,
			);
			name = Model;
			sourceTree = "<group>";
		};
		41295ED91BF5299700374E3F /* AutoGenerated */ = {
			isa = PBXGroup;
			children = (
				41295F011BF53F4000374E3F /* Parent Entity */,
				41295EDC1BF52A6300374E3F /* User.h */,
				41295EDD1BF52A6300374E3F /* User.m */,
			);
			name = AutoGenerated;
			sourceTree = "<group>";
		};
		41295EE01BF52AA800374E3F /* Parsing */ = {
			isa = PBXGroup;
			children = (
				41295F0B1BF5419400374E3F /* User+Parsing.h */,
				41295F0C1BF5419400374E3F /* User+Parsing.m */,
			);
			name = Parsing;
			sourceTree = "<group>";
		};
		41295EE11BF52C1400374E3F /* Categories */ = {
			isa = PBXGroup;
			children = (
				41295EE21BF52C1E00374E3F /* User */,
			);
			name = Categories;
			sourceTree = "<group>";
		};
		41295EE21BF52C1E00374E3F /* User */ = {
			isa = PBXGroup;
			children = (
				41295EE31BF52C3D00374E3F /* User+Additions.h */,
				41295EE41BF52C3D00374E3F /* User+Additions.m */,
				41295EF61BF534D800374E3F /* User+Actions.h */,
				41295EF71BF534D800374E3F /* User+Actions.m */,
			);
			name = User;
			sourceTree = "<group>";
		};
		41295EEA1BF52D8000374E3F /* Categories */ = {
			isa = PBXGroup;
			children = (
				41295EF31BF5326100374E3F /* NSManagedObjectContext+Additions.h */,
				41295EF41BF5326100374E3F /* NSManagedObjectContext+Additions.m */,
				41295F081BF5407700374E3F /* NSManagedObject+Additions.h */,
				41295F091BF5407700374E3F /* NSManagedObject+Additions.m */,
			);
			name = Categories;
			sourceTree = "<group>";
		};
		41295EF91BF5353000374E3F /* Model */ = {
			isa = PBXGroup;
			children = (
				41295EFA1BF5354500374E3F /* BHUserGateway.h */,
				41295EFB1BF5354500374E3F /* BHUserGateway.m */,
			);
			name = Model;
			sourceTree = "<group>";
		};
		41295EFD1BF53C2D00374E3F /* Managers */ = {
			isa = PBXGroup;
			children = (
				41295EFE1BF53C3C00374E3F /* BHRequestManager.h */,
				41295EFF1BF53C3C00374E3F /* BHRequestManager.m */,
			);
			name = Managers;
			sourceTree = "<group>";
		};
		41295F011BF53F4000374E3F /* Parent Entity */ = {
			isa = PBXGroup;
			children = (
				41295F041BF53FC400374E3F /* BHManagedObject.h */,
				41295F051BF53FC400374E3F /* BHManagedObject.m */,
			);
			name = "Parent Entity";
			sourceTree = "<group>";
		};
		41295F0E1BF549C200374E3F /* Controllers */ = {
			isa = PBXGroup;
			children = (
				41295ECC1BF524A700374E3F /* DataSources */,
				41295EFD1BF53C2D00374E3F /* Managers */,
			);
			name = Controllers;
			sourceTree = "<group>";
		};
		7768BEDF5E9A9CE162D4C142 /* Pods */ = {
			isa = PBXGroup;
			children = (
				DFFBF7A82D1B2F59367B311F /* Pods-JPPBabylonHealthTestTests.debug.xcconfig */,
				D745B0C9BBF27A4E809CE3D9 /* Pods-JPPBabylonHealthTestTests.release.xcconfig */,
				40B933DFC55877146BEB5029 /* Pods.debug.xcconfig */,
				96735B57E7710DB3BAE810A3 /* Pods.release.xcconfig */,
			);
			name = Pods;
			sourceTree = "<group>";
		};
		D62ACCD91771A68E96165E46 /* Frameworks */ = {
			isa = PBXGroup;
			children = (
				9D8F8BEE21BAE2E3D35FAC4F /* libPods-JPPBabylonHealthTestTests.a */,
				510E50BEE650C828C53F1EAF /* libPods.a */,
			);
			name = Frameworks;
			sourceTree = "<group>";
		};
/* End PBXGroup section */

/* Begin PBXNativeTarget section */
		41295E951BF5224500374E3F /* JPPBabylonHealthTest */ = {
			isa = PBXNativeTarget;
			buildConfigurationList = 41295EBB1BF5224500374E3F /* Build configuration list for PBXNativeTarget "JPPBabylonHealthTest" */;
			buildPhases = (
				3FA26EBACE38F9038D94C4EA /* Check Pods Manifest.lock */,
				41295E921BF5224500374E3F /* Sources */,
				41295E931BF5224500374E3F /* Frameworks */,
				41295E941BF5224500374E3F /* Resources */,
				74D729B9C5760BC2BF0FED12 /* Embed Pods Frameworks */,
				FCDBED75E379C0CE52C75E4A /* Copy Pods Resources */,
			);
			buildRules = (
			);
			dependencies = (
			);
			name = JPPBabylonHealthTest;
			productName = JPPBabylonHealthTest;
			productReference = 41295E961BF5224500374E3F /* JPPBabylonHealthTest.app */;
			productType = "com.apple.product-type.application";
		};
		41295EB11BF5224500374E3F /* JPPBabylonHealthTestTests */ = {
			isa = PBXNativeTarget;
			buildConfigurationList = 41295EBE1BF5224500374E3F /* Build configuration list for PBXNativeTarget "JPPBabylonHealthTestTests" */;
			buildPhases = (
				54BBB101EFB6D872BB377ED9 /* Check Pods Manifest.lock */,
				41295EAE1BF5224500374E3F /* Sources */,
				41295EAF1BF5224500374E3F /* Frameworks */,
				41295EB01BF5224500374E3F /* Resources */,
				A71D89D8F766E2D00124A46F /* Embed Pods Frameworks */,
				535BA982104DA76369CC2790 /* Copy Pods Resources */,
			);
			buildRules = (
			);
			dependencies = (
				41295EB41BF5224500374E3F /* PBXTargetDependency */,
			);
			name = JPPBabylonHealthTestTests;
			productName = JPPBabylonHealthTestTests;
			productReference = 41295EB21BF5224500374E3F /* JPPBabylonHealthTestTests.xctest */;
			productType = "com.apple.product-type.bundle.unit-test";
		};
/* End PBXNativeTarget section */

/* Begin PBXProject section */
		41295E8E1BF5224500374E3F /* Project object */ = {
			isa = PBXProject;
			attributes = {
				LastUpgradeCheck = 0700;
				ORGANIZATIONNAME = MagicDealers;
				TargetAttributes = {
					41295E951BF5224500374E3F = {
						CreatedOnToolsVersion = 7.0.1;
					};
					41295EB11BF5224500374E3F = {
						CreatedOnToolsVersion = 7.0.1;
						TestTargetID = 41295E951BF5224500374E3F;
					};
				};
			};
			buildConfigurationList = 41295E911BF5224500374E3F /* Build configuration list for PBXProject "JPPBabylonHealthTest" */;
			compatibilityVersion = "Xcode 3.2";
			developmentRegion = English;
			hasScannedForEncodings = 0;
			knownRegions = (
				en,
				Base,
			);
			mainGroup = 41295E8D1BF5224500374E3F;
			productRefGroup = 41295E971BF5224500374E3F /* Products */;
			projectDirPath = "";
			projectRoot = "";
			targets = (
				41295E951BF5224500374E3F /* JPPBabylonHealthTest */,
				41295EB11BF5224500374E3F /* JPPBabylonHealthTestTests */,
			);
		};
/* End PBXProject section */

/* Begin PBXResourcesBuildPhase section */
		41295E941BF5224500374E3F /* Resources */ = {
			isa = PBXResourcesBuildPhase;
			buildActionMask = 2147483647;
			files = (
				41295EAC1BF5224500374E3F /* LaunchScreen.storyboard in Resources */,
				41295EA91BF5224500374E3F /* Assets.xcassets in Resources */,
				41295EA41BF5224500374E3F /* Main.storyboard in Resources */,
			);
			runOnlyForDeploymentPostprocessing = 0;
		};
		41295EB01BF5224500374E3F /* Resources */ = {
			isa = PBXResourcesBuildPhase;
			buildActionMask = 2147483647;
			files = (
			);
			runOnlyForDeploymentPostprocessing = 0;
		};
/* End PBXResourcesBuildPhase section */

/* Begin PBXShellScriptBuildPhase section */
		3FA26EBACE38F9038D94C4EA /* Check Pods Manifest.lock */ = {
			isa = PBXShellScriptBuildPhase;
			buildActionMask = 2147483647;
			files = (
			);
			inputPaths = (
			);
			name = "Check Pods Manifest.lock";
			outputPaths = (
			);
			runOnlyForDeploymentPostprocessing = 0;
			shellPath = /bin/sh;
			shellScript = "diff \"${PODS_ROOT}/../Podfile.lock\" \"${PODS_ROOT}/Manifest.lock\" > /dev/null\nif [[ $? != 0 ]] ; then\n    cat << EOM\nerror: The sandbox is not in sync with the Podfile.lock. Run 'pod install' or update your CocoaPods installation.\nEOM\n    exit 1\nfi\n";
			showEnvVarsInLog = 0;
		};
		535BA982104DA76369CC2790 /* Copy Pods Resources */ = {
			isa = PBXShellScriptBuildPhase;
			buildActionMask = 2147483647;
			files = (
			);
			inputPaths = (
			);
			name = "Copy Pods Resources";
			outputPaths = (
			);
			runOnlyForDeploymentPostprocessing = 0;
			shellPath = /bin/sh;
			shellScript = "\"${SRCROOT}/Pods/Target Support Files/Pods/Pods-resources.sh\"\n";
			showEnvVarsInLog = 0;
		};
		54BBB101EFB6D872BB377ED9 /* Check Pods Manifest.lock */ = {
			isa = PBXShellScriptBuildPhase;
			buildActionMask = 2147483647;
			files = (
			);
			inputPaths = (
			);
			name = "Check Pods Manifest.lock";
			outputPaths = (
			);
			runOnlyForDeploymentPostprocessing = 0;
			shellPath = /bin/sh;
			shellScript = "diff \"${PODS_ROOT}/../Podfile.lock\" \"${PODS_ROOT}/Manifest.lock\" > /dev/null\nif [[ $? != 0 ]] ; then\n    cat << EOM\nerror: The sandbox is not in sync with the Podfile.lock. Run 'pod install' or update your CocoaPods installation.\nEOM\n    exit 1\nfi\n";
			showEnvVarsInLog = 0;
		};
		74D729B9C5760BC2BF0FED12 /* Embed Pods Frameworks */ = {
			isa = PBXShellScriptBuildPhase;
			buildActionMask = 2147483647;
			files = (
			);
			inputPaths = (
			);
			name = "Embed Pods Frameworks";
			outputPaths = (
			);
			runOnlyForDeploymentPostprocessing = 0;
			shellPath = /bin/sh;
			shellScript = "\"${SRCROOT}/Pods/Target Support Files/Pods/Pods-frameworks.sh\"\n";
			showEnvVarsInLog = 0;
		};
		A71D89D8F766E2D00124A46F /* Embed Pods Frameworks */ = {
			isa = PBXShellScriptBuildPhase;
			buildActionMask = 2147483647;
			files = (
			);
			inputPaths = (
			);
			name = "Embed Pods Frameworks";
			outputPaths = (
			);
			runOnlyForDeploymentPostprocessing = 0;
			shellPath = /bin/sh;
			shellScript = "\"${SRCROOT}/Pods/Target Support Files/Pods/Pods-frameworks.sh\"\n";
			showEnvVarsInLog = 0;
		};
		FCDBED75E379C0CE52C75E4A /* Copy Pods Resources */ = {
			isa = PBXShellScriptBuildPhase;
			buildActionMask = 2147483647;
			files = (
			);
			inputPaths = (
			);
			name = "Copy Pods Resources";
			outputPaths = (
			);
			runOnlyForDeploymentPostprocessing = 0;
			shellPath = /bin/sh;
			shellScript = "\"${SRCROOT}/Pods/Target Support Files/Pods/Pods-resources.sh\"\n";
			showEnvVarsInLog = 0;
		};
/* End PBXShellScriptBuildPhase section */

/* Begin PBXSourcesBuildPhase section */
		41295E921BF5224500374E3F /* Sources */ = {
			isa = PBXSourcesBuildPhase;
			buildActionMask = 2147483647;
			files = (
				41295EA71BF5224500374E3F /* JPPBabylonHealthTest.xcdatamodeld in Sources */,
				41295EE51BF52C3D00374E3F /* User+Additions.m in Sources */,
				41295F0D1BF5419400374E3F /* User+Parsing.m in Sources */,
				41295EFC1BF5354500374E3F /* BHUserGateway.m in Sources */,
				41295EE91BF52CE900374E3F /* BHCoreDataManager.m in Sources */,
				41295EC61BF523FD00374E3F /* BHUsersListViewController.m in Sources */,
				41295F0A1BF5407700374E3F /* NSManagedObject+Additions.m in Sources */,
				41295F001BF53C3C00374E3F /* BHRequestManager.m in Sources */,
				41295EF81BF534D800374E3F /* User+Actions.m in Sources */,
				41295EDF1BF52A6300374E3F /* User.m in Sources */,
				41295EF51BF5326100374E3F /* NSManagedObjectContext+Additions.m in Sources */,
				41295F071BF53FC400374E3F /* BHManagedObject.m in Sources */,
				41295ED61BF5267900374E3F /* BHTableViewDataSource.m in Sources */,
				41295ECA1BF5243600374E3F /* BHTableViewCell.m in Sources */,
				41295E9E1BF5224500374E3F /* AppDelegate.m in Sources */,
				41295ED01BF525A500374E3F /* BHUserTableViewCell.m in Sources */,
				41295E9B1BF5224500374E3F /* main.m in Sources */,
			);
			runOnlyForDeploymentPostprocessing = 0;
		};
		41295EAE1BF5224500374E3F /* Sources */ = {
			isa = PBXSourcesBuildPhase;
			buildActionMask = 2147483647;
			files = (
				41295EB71BF5224500374E3F /* JPPBabylonHealthTestTests.m in Sources */,
			);
			runOnlyForDeploymentPostprocessing = 0;
		};
/* End PBXSourcesBuildPhase section */

/* Begin PBXTargetDependency section */
		41295EB41BF5224500374E3F /* PBXTargetDependency */ = {
			isa = PBXTargetDependency;
			target = 41295E951BF5224500374E3F /* JPPBabylonHealthTest */;
			targetProxy = 41295EB31BF5224500374E3F /* PBXContainerItemProxy */;
		};
/* End PBXTargetDependency section */

/* Begin PBXVariantGroup section */
		41295EA21BF5224500374E3F /* Main.storyboard */ = {
			isa = PBXVariantGroup;
			children = (
				41295EA31BF5224500374E3F /* Base */,
			);
			name = Main.storyboard;
			sourceTree = "<group>";
		};
		41295EAA1BF5224500374E3F /* LaunchScreen.storyboard */ = {
			isa = PBXVariantGroup;
			children = (
				41295EAB1BF5224500374E3F /* Base */,
			);
			name = LaunchScreen.storyboard;
			sourceTree = "<group>";
		};
/* End PBXVariantGroup section */

/* Begin XCBuildConfiguration section */
		41295EB91BF5224500374E3F /* Debug */ = {
			isa = XCBuildConfiguration;
			buildSettings = {
				ALWAYS_SEARCH_USER_PATHS = NO;
				CLANG_CXX_LANGUAGE_STANDARD = "gnu++0x";
				CLANG_CXX_LIBRARY = "libc++";
				CLANG_ENABLE_MODULES = YES;
				CLANG_ENABLE_OBJC_ARC = YES;
				CLANG_WARN_BOOL_CONVERSION = YES;
				CLANG_WARN_CONSTANT_CONVERSION = YES;
				CLANG_WARN_DIRECT_OBJC_ISA_USAGE = YES_ERROR;
				CLANG_WARN_EMPTY_BODY = YES;
				CLANG_WARN_ENUM_CONVERSION = YES;
				CLANG_WARN_INT_CONVERSION = YES;
				CLANG_WARN_OBJC_ROOT_CLASS = YES_ERROR;
				CLANG_WARN_UNREACHABLE_CODE = YES;
				CLANG_WARN__DUPLICATE_METHOD_MATCH = YES;
				"CODE_SIGN_IDENTITY[sdk=iphoneos*]" = "iPhone Developer";
				COPY_PHASE_STRIP = NO;
				DEBUG_INFORMATION_FORMAT = dwarf;
				ENABLE_STRICT_OBJC_MSGSEND = YES;
				ENABLE_TESTABILITY = YES;
				FRAMEWORK_SEARCH_PATHS = (
					"$(inherited)",
					"$(PROJECT_DIR)",
				);
				GCC_C_LANGUAGE_STANDARD = gnu99;
				GCC_DYNAMIC_NO_PIC = NO;
				GCC_NO_COMMON_BLOCKS = YES;
				GCC_OPTIMIZATION_LEVEL = 0;
				GCC_PRECOMPILE_PREFIX_HEADER = YES;
				GCC_PREFIX_HEADER = "JPPBabylonHealthTest/JPPBabylonHealthTest-Prefix.pch";
				GCC_PREPROCESSOR_DEFINITIONS = (
					"DEBUG=1",
					"$(inherited)",
				);
				GCC_WARN_64_TO_32_BIT_CONVERSION = YES;
				GCC_WARN_ABOUT_RETURN_TYPE = YES_ERROR;
				GCC_WARN_UNDECLARED_SELECTOR = YES;
				GCC_WARN_UNINITIALIZED_AUTOS = YES_AGGRESSIVE;
				GCC_WARN_UNUSED_FUNCTION = YES;
				GCC_WARN_UNUSED_VARIABLE = YES;
				HEADER_SEARCH_PATHS = "$(inherited)";
				IPHONEOS_DEPLOYMENT_TARGET = 9.0;
				MTL_ENABLE_DEBUG_INFO = YES;
				ONLY_ACTIVE_ARCH = YES;
				SDKROOT = iphoneos;
			};
			name = Debug;
		};
		41295EBA1BF5224500374E3F /* Release */ = {
			isa = XCBuildConfiguration;
			buildSettings = {
				ALWAYS_SEARCH_USER_PATHS = NO;
				CLANG_CXX_LANGUAGE_STANDARD = "gnu++0x";
				CLANG_CXX_LIBRARY = "libc++";
				CLANG_ENABLE_MODULES = YES;
				CLANG_ENABLE_OBJC_ARC = YES;
				CLANG_WARN_BOOL_CONVERSION = YES;
				CLANG_WARN_CONSTANT_CONVERSION = YES;
				CLANG_WARN_DIRECT_OBJC_ISA_USAGE = YES_ERROR;
				CLANG_WARN_EMPTY_BODY = YES;
				CLANG_WARN_ENUM_CONVERSION = YES;
				CLANG_WARN_INT_CONVERSION = YES;
				CLANG_WARN_OBJC_ROOT_CLASS = YES_ERROR;
				CLANG_WARN_UNREACHABLE_CODE = YES;
				CLANG_WARN__DUPLICATE_METHOD_MATCH = YES;
				"CODE_SIGN_IDENTITY[sdk=iphoneos*]" = "iPhone Developer";
				COPY_PHASE_STRIP = NO;
				DEBUG_INFORMATION_FORMAT = "dwarf-with-dsym";
				ENABLE_NS_ASSERTIONS = NO;
				ENABLE_STRICT_OBJC_MSGSEND = YES;
				FRAMEWORK_SEARCH_PATHS = (
					"$(inherited)",
					"$(PROJECT_DIR)",
				);
				GCC_C_LANGUAGE_STANDARD = gnu99;
				GCC_NO_COMMON_BLOCKS = YES;
				GCC_PRECOMPILE_PREFIX_HEADER = YES;
				GCC_PREFIX_HEADER = "JPPBabylonHealthTest/JPPBabylonHealthTest-Prefix.pch";
				GCC_WARN_64_TO_32_BIT_CONVERSION = YES;
				GCC_WARN_ABOUT_RETURN_TYPE = YES_ERROR;
				GCC_WARN_UNDECLARED_SELECTOR = YES;
				GCC_WARN_UNINITIALIZED_AUTOS = YES_AGGRESSIVE;
				GCC_WARN_UNUSED_FUNCTION = YES;
				GCC_WARN_UNUSED_VARIABLE = YES;
				HEADER_SEARCH_PATHS = "$(inherited)";
				IPHONEOS_DEPLOYMENT_TARGET = 9.0;
				MTL_ENABLE_DEBUG_INFO = NO;
				SDKROOT = iphoneos;
				VALIDATE_PRODUCT = YES;
			};
			name = Release;
		};
		41295EBC1BF5224500374E3F /* Debug */ = {
			isa = XCBuildConfiguration;
			baseConfigurationReference = 40B933DFC55877146BEB5029 /* Pods.debug.xcconfig */;
			buildSettings = {
				ASSETCATALOG_COMPILER_APPICON_NAME = AppIcon;
				HEADER_SEARCH_PATHS = "$(inherited)";
				INFOPLIST_FILE = JPPBabylonHealthTest/Info.plist;
				LD_RUNPATH_SEARCH_PATHS = "$(inherited) @executable_path/Frameworks";
				PRODUCT_BUNDLE_IDENTIFIER = com.magicdealers.JPPBabylonHealthTest;
				PRODUCT_NAME = "$(TARGET_NAME)";
			};
			name = Debug;
		};
		41295EBD1BF5224500374E3F /* Release */ = {
			isa = XCBuildConfiguration;
			baseConfigurationReference = 96735B57E7710DB3BAE810A3 /* Pods.release.xcconfig */;
			buildSettings = {
				ASSETCATALOG_COMPILER_APPICON_NAME = AppIcon;
				HEADER_SEARCH_PATHS = "$(inherited)";
				INFOPLIST_FILE = JPPBabylonHealthTest/Info.plist;
				LD_RUNPATH_SEARCH_PATHS = "$(inherited) @executable_path/Frameworks";
				PRODUCT_BUNDLE_IDENTIFIER = com.magicdealers.JPPBabylonHealthTest;
				PRODUCT_NAME = "$(TARGET_NAME)";
			};
			name = Release;
		};
		41295EBF1BF5224500374E3F /* Debug */ = {
			isa = XCBuildConfiguration;
			baseConfigurationReference = DFFBF7A82D1B2F59367B311F /* Pods-JPPBabylonHealthTestTests.debug.xcconfig */;
			buildSettings = {
				BUNDLE_LOADER = "$(TEST_HOST)";
				INFOPLIST_FILE = JPPBabylonHealthTestTests/Info.plist;
				LD_RUNPATH_SEARCH_PATHS = "$(inherited) @executable_path/Frameworks @loader_path/Frameworks";
				PRODUCT_BUNDLE_IDENTIFIER = com.magicdealers.JPPBabylonHealthTestTests;
				PRODUCT_NAME = "$(TARGET_NAME)";
				TEST_HOST = "$(BUILT_PRODUCTS_DIR)/JPPBabylonHealthTest.app/JPPBabylonHealthTest";
			};
			name = Debug;
		};
		41295EC01BF5224500374E3F /* Release */ = {
			isa = XCBuildConfiguration;
			baseConfigurationReference = D745B0C9BBF27A4E809CE3D9 /* Pods-JPPBabylonHealthTestTests.release.xcconfig */;
			buildSettings = {
				BUNDLE_LOADER = "$(TEST_HOST)";
				INFOPLIST_FILE = JPPBabylonHealthTestTests/Info.plist;
				LD_RUNPATH_SEARCH_PATHS = "$(inherited) @executable_path/Frameworks @loader_path/Frameworks";
				PRODUCT_BUNDLE_IDENTIFIER = com.magicdealers.JPPBabylonHealthTestTests;
				PRODUCT_NAME = "$(TARGET_NAME)";
				TEST_HOST = "$(BUILT_PRODUCTS_DIR)/JPPBabylonHealthTest.app/JPPBabylonHealthTest";
			};
			name = Release;
		};
/* End XCBuildConfiguration section */

/* Begin XCConfigurationList section */
		41295E911BF5224500374E3F /* Build configuration list for PBXProject "JPPBabylonHealthTest" */ = {
			isa = XCConfigurationList;
			buildConfigurations = (
				41295EB91BF5224500374E3F /* Debug */,
				41295EBA1BF5224500374E3F /* Release */,
			);
			defaultConfigurationIsVisible = 0;
			defaultConfigurationName = Release;
		};
		41295EBB1BF5224500374E3F /* Build configuration list for PBXNativeTarget "JPPBabylonHealthTest" */ = {
			isa = XCConfigurationList;
			buildConfigurations = (
				41295EBC1BF5224500374E3F /* Debug */,
				41295EBD1BF5224500374E3F /* Release */,
			);
			defaultConfigurationIsVisible = 0;
			defaultConfigurationName = Release;
		};
		41295EBE1BF5224500374E3F /* Build configuration list for PBXNativeTarget "JPPBabylonHealthTestTests" */ = {
			isa = XCConfigurationList;
			buildConfigurations = (
				41295EBF1BF5224500374E3F /* Debug */,
				41295EC01BF5224500374E3F /* Release */,
			);
			defaultConfigurationIsVisible = 0;
			defaultConfigurationName = Release;
		};
/* End XCConfigurationList section */

/* Begin XCVersionGroup section */
		41295EA51BF5224500374E3F /* JPPBabylonHealthTest.xcdatamodeld */ = {
			isa = XCVersionGroup;
			children = (
				41295EA61BF5224500374E3F /* JPPBabylonHealthTest.xcdatamodel */,
			);
			currentVersion = 41295EA61BF5224500374E3F /* JPPBabylonHealthTest.xcdatamodel */;
			path = JPPBabylonHealthTest.xcdatamodeld;
			sourceTree = "<group>";
			versionGroupType = wrapper.xcdatamodel;
		};
/* End XCVersionGroup section */
	};
	rootObject = 41295E8E1BF5224500374E3F /* Project object */;
}
